
Microsoft Visual Studio Solution File, Format Version 12.00
# Visual Studio Version 16
VisualStudioVersion = 16.0.31229.75
MinimumVisualStudioVersion = 10.0.40219.1
Project("{FAE04EC0-301F-11D3-BF4B-00C04F79EFBC}") = "Boct", "Boct.csproj", "{D95A868C-3494-4115-99AE-69627296C96E}"
EndProject
Global
	GlobalSection(SolutionConfigurationPlatforms) = preSolution
		Debug|Any CPU = Debug|Any CPU
		Release|Any CPU = Release|Any CPU
	EndGlobalSection
	GlobalSection(ProjectConfigurationPlatforms) = postSolution
		{D95A868C-3494-4115-99AE-69627296C96E}.Debug|Any CPU.ActiveCfg = Debug|Any CPU
		{D95A868C-3494-4115-99AE-69627296C96E}.Debug|Any CPU.Build.0 = Debug|Any CPU
		{D95A868C-3494-4115-99AE-69627296C96E}.Release|Any CPU.ActiveCfg = Release|Any CPU
		{D95A868C-3494-4115-99AE-69627296C96E}.Release|Any CPU.Build.0 = Release|Any CPU
	EndGlobalSection
	GlobalSection(SolutionProperties) = preSolution
		HideSolutionNode = FALSE
	EndGlobalSection
	GlobalSection(ExtensibilityGlobals) = postSolution
		SolutionGuid = {9D71BF6B-5E4F-4C74-B545-1B2927B858A8}
	EndGlobalSection
EndGlobal
